
Microsoft Visual Studio Solution File, Format Version 12.00
# Visual Studio 14
VisualStudioVersion = 14.0.24720.0
MinimumVisualStudioVersion = 10.0.40219.1
Project("{2150E333-8FDC-42A3-9474-1A3956D46DE8}") = "Library", "Library", "{B2A73D2B-C6F2-42AB-8B60-F98834ABC2B9}"
EndProject
Project("{FAE04EC0-301F-11D3-BF4B-00C04F79EFBC}") = "Nampula.UI", "Nampula.UI\Nampula.UI.csproj", "{D0E2ED4E-C6E2-4E23-928E-5FA494B3AA5D}"
EndProject
Project("{FAE04EC0-301F-11D3-BF4B-00C04F79EFBC}") = "Nampula.DI", "Nampula.DI\Nampula.DI.csproj", "{930378E2-653E-4BEF-8F84-A92652643588}"
EndProject
Project("{FAE04EC0-301F-11D3-BF4B-00C04F79EFBC}") = "Nampula.DI.B1", "Nampula.DI.B1\Nampula.DI.B1.csproj", "{9EE7A19E-7A1E-462C-8B45-96FDF6389F48}"
EndProject
Project("{FAE04EC0-301F-11D3-BF4B-00C04F79EFBC}") = "Nampula.Framework", "Nampula.Framework\Nampula.Framework.csproj", "{8B416D54-73A7-451F-A17C-F4FB03851B4C}"
EndProject
Project("{FAE04EC0-301F-11D3-BF4B-00C04F79EFBC}") = "Nampula.BackgroundTask", "Nampula.BackgroundTask\Nampula.BackgroundTask.csproj", "{B3246EFF-F3BD-4294-84E5-3BA57AC70041}"
EndProject
Project("{2150E333-8FDC-42A3-9474-1A3956D46DE8}") = "Build", "Build", "{E974D3E5-3A0B-46D7-811C-C06B838D6D68}"
	ProjectSection(SolutionItems) = preProject
		build.xml = build.xml
	EndProjectSection
EndProject
Project("{2150E333-8FDC-42A3-9474-1A3956D46DE8}") = "Demo", "Demo", "{DD449B3C-ACD3-46A2-A017-A05BEF43C2AD}"
EndProject
Project("{FAE04EC0-301F-11D3-BF4B-00C04F79EFBC}") = "NampulaDemo.UI", "NampulaDemo.UI\NampulaDemo.UI.csproj", "{7AD7A3FD-8B14-401C-A4AA-76EC6D681CC2}"
EndProject
Project("{FAE04EC0-301F-11D3-BF4B-00C04F79EFBC}") = "NampulaDemo.DI", "NampulaDemo.DI\NampulaDemo.DI.csproj", "{DFDA8E6D-B6DE-4563-997C-AEF26937161B}"
EndProject
Project("{2150E333-8FDC-42A3-9474-1A3956D46DE8}") = ".nuget", ".nuget", "{A615C985-4629-41D5-B5E1-5AF41892307B}"
	ProjectSection(SolutionItems) = preProject
		.nuget\NuGet.exe = .nuget\NuGet.exe
		.nuget\NuGet.targets = .nuget\NuGet.targets
	EndProjectSection
EndProject
Project("{FAE04EC0-301F-11D3-BF4B-00C04F79EFBC}") = "Nampula.DI.Test", "Nampula.DI.Test\Nampula.DI.Test.csproj", "{A6998D88-F1BC-407D-A8E5-9325CDD2B1CC}"
EndProject
Global
	GlobalSection(SolutionConfigurationPlatforms) = preSolution
		Debug|Any CPU = Debug|Any CPU
		Debug|x86 = Debug|x86
		Release|Any CPU = Release|Any CPU
		Release|x86 = Release|x86
	EndGlobalSection
	GlobalSection(ProjectConfigurationPlatforms) = postSolution
		{D0E2ED4E-C6E2-4E23-928E-5FA494B3AA5D}.Debug|Any CPU.ActiveCfg = Debug|Any CPU
		{D0E2ED4E-C6E2-4E23-928E-5FA494B3AA5D}.Debug|Any CPU.Build.0 = Debug|Any CPU
		{D0E2ED4E-C6E2-4E23-928E-5FA494B3AA5D}.Debug|x86.ActiveCfg = Debug|x86
		{D0E2ED4E-C6E2-4E23-928E-5FA494B3AA5D}.Debug|x86.Build.0 = Debug|x86
		{D0E2ED4E-C6E2-4E23-928E-5FA494B3AA5D}.Release|Any CPU.ActiveCfg = Release|Any CPU
		{D0E2ED4E-C6E2-4E23-928E-5FA494B3AA5D}.Release|Any CPU.Build.0 = Release|Any CPU
		{D0E2ED4E-C6E2-4E23-928E-5FA494B3AA5D}.Release|x86.ActiveCfg = Release|x86
		{D0E2ED4E-C6E2-4E23-928E-5FA494B3AA5D}.Release|x86.Build.0 = Release|x86
		{930378E2-653E-4BEF-8F84-A92652643588}.Debug|Any CPU.ActiveCfg = Debug|Any CPU
		{930378E2-653E-4BEF-8F84-A92652643588}.Debug|Any CPU.Build.0 = Debug|Any CPU
		{930378E2-653E-4BEF-8F84-A92652643588}.Debug|x86.ActiveCfg = Debug|x86
		{930378E2-653E-4BEF-8F84-A92652643588}.Debug|x86.Build.0 = Debug|x86
		{930378E2-653E-4BEF-8F84-A92652643588}.Release|Any CPU.ActiveCfg = Release|Any CPU
		{930378E2-653E-4BEF-8F84-A92652643588}.Release|Any CPU.Build.0 = Release|Any CPU
		{930378E2-653E-4BEF-8F84-A92652643588}.Release|x86.ActiveCfg = Release|x86
		{930378E2-653E-4BEF-8F84-A92652643588}.Release|x86.Build.0 = Release|x86
		{9EE7A19E-7A1E-462C-8B45-96FDF6389F48}.Debug|Any CPU.ActiveCfg = Debug|Any CPU
		{9EE7A19E-7A1E-462C-8B45-96FDF6389F48}.Debug|Any CPU.Build.0 = Debug|Any CPU
		{9EE7A19E-7A1E-462C-8B45-96FDF6389F48}.Debug|x86.ActiveCfg = Debug|x86
		{9EE7A19E-7A1E-462C-8B45-96FDF6389F48}.Debug|x86.Build.0 = Debug|x86
		{9EE7A19E-7A1E-462C-8B45-96FDF6389F48}.Release|Any CPU.ActiveCfg = Release|Any CPU
		{9EE7A19E-7A1E-462C-8B45-96FDF6389F48}.Release|Any CPU.Build.0 = Release|Any CPU
		{9EE7A19E-7A1E-462C-8B45-96FDF6389F48}.Release|x86.ActiveCfg = Release|x86
		{9EE7A19E-7A1E-462C-8B45-96FDF6389F48}.Release|x86.Build.0 = Release|x86
		{8B416D54-73A7-451F-A17C-F4FB03851B4C}.Debug|Any CPU.ActiveCfg = Debug|Any CPU
		{8B416D54-73A7-451F-A17C-F4FB03851B4C}.Debug|Any CPU.Build.0 = Debug|Any CPU
		{8B416D54-73A7-451F-A17C-F4FB03851B4C}.Debug|x86.ActiveCfg = Debug|x86
		{8B416D54-73A7-451F-A17C-F4FB03851B4C}.Debug|x86.Build.0 = Debug|x86
		{8B416D54-73A7-451F-A17C-F4FB03851B4C}.Release|Any CPU.ActiveCfg = Release|Any CPU
		{8B416D54-73A7-451F-A17C-F4FB03851B4C}.Release|Any CPU.Build.0 = Release|Any CPU
		{8B416D54-73A7-451F-A17C-F4FB03851B4C}.Release|x86.ActiveCfg = Release|x86
		{8B416D54-73A7-451F-A17C-F4FB03851B4C}.Release|x86.Build.0 = Release|x86
		{B3246EFF-F3BD-4294-84E5-3BA57AC70041}.Debug|Any CPU.ActiveCfg = Debug|Any CPU
		{B3246EFF-F3BD-4294-84E5-3BA57AC70041}.Debug|Any CPU.Build.0 = Debug|Any CPU
		{B3246EFF-F3BD-4294-84E5-3BA57AC70041}.Debug|x86.ActiveCfg = Debug|x86
		{B3246EFF-F3BD-4294-84E5-3BA57AC70041}.Debug|x86.Build.0 = Debug|x86
		{B3246EFF-F3BD-4294-84E5-3BA57AC70041}.Debug|x86.Deploy.0 = Debug|x86
		{B3246EFF-F3BD-4294-84E5-3BA57AC70041}.Release|Any CPU.ActiveCfg = Release|Any CPU
		{B3246EFF-F3BD-4294-84E5-3BA57AC70041}.Release|Any CPU.Build.0 = Release|Any CPU
		{B3246EFF-F3BD-4294-84E5-3BA57AC70041}.Release|x86.ActiveCfg = Release|x86
		{B3246EFF-F3BD-4294-84E5-3BA57AC70041}.Release|x86.Build.0 = Release|x86
		{7AD7A3FD-8B14-401C-A4AA-76EC6D681CC2}.Debug|Any CPU.ActiveCfg = Debug|Any CPU
		{7AD7A3FD-8B14-401C-A4AA-76EC6D681CC2}.Debug|Any CPU.Build.0 = Debug|Any CPU
		{7AD7A3FD-8B14-401C-A4AA-76EC6D681CC2}.Debug|x86.ActiveCfg = Debug|x86
		{7AD7A3FD-8B14-401C-A4AA-76EC6D681CC2}.Debug|x86.Build.0 = Debug|x86
		{7AD7A3FD-8B14-401C-A4AA-76EC6D681CC2}.Release|Any CPU.ActiveCfg = Release|Any CPU
		{7AD7A3FD-8B14-401C-A4AA-76EC6D681CC2}.Release|Any CPU.Build.0 = Release|Any CPU
		{7AD7A3FD-8B14-401C-A4AA-76EC6D681CC2}.Release|x86.ActiveCfg = Release|x86
		{7AD7A3FD-8B14-401C-A4AA-76EC6D681CC2}.Release|x86.Build.0 = Release|x86
		{DFDA8E6D-B6DE-4563-997C-AEF26937161B}.Debug|Any CPU.ActiveCfg = Debug|Any CPU
		{DFDA8E6D-B6DE-4563-997C-AEF26937161B}.Debug|Any CPU.Build.0 = Debug|Any CPU
		{DFDA8E6D-B6DE-4563-997C-AEF26937161B}.Debug|x86.ActiveCfg = Debug|x86
		{DFDA8E6D-B6DE-4563-997C-AEF26937161B}.Debug|x86.Build.0 = Debug|x86
		{DFDA8E6D-B6DE-4563-997C-AEF26937161B}.Release|Any CPU.ActiveCfg = Release|Any CPU
		{DFDA8E6D-B6DE-4563-997C-AEF26937161B}.Release|Any CPU.Build.0 = Release|Any CPU
		{DFDA8E6D-B6DE-4563-997C-AEF26937161B}.Release|x86.ActiveCfg = Release|x86
		{DFDA8E6D-B6DE-4563-997C-AEF26937161B}.Release|x86.Build.0 = Release|x86
		{A6998D88-F1BC-407D-A8E5-9325CDD2B1CC}.Debug|Any CPU.ActiveCfg = Debug|Any CPU
		{A6998D88-F1BC-407D-A8E5-9325CDD2B1CC}.Debug|Any CPU.Build.0 = Debug|Any CPU
		{A6998D88-F1BC-407D-A8E5-9325CDD2B1CC}.Debug|x86.ActiveCfg = Debug|x86
		{A6998D88-F1BC-407D-A8E5-9325CDD2B1CC}.Debug|x86.Build.0 = Debug|x86
		{A6998D88-F1BC-407D-A8E5-9325CDD2B1CC}.Release|Any CPU.ActiveCfg = Release|Any CPU
		{A6998D88-F1BC-407D-A8E5-9325CDD2B1CC}.Release|Any CPU.Build.0 = Release|Any CPU
		{A6998D88-F1BC-407D-A8E5-9325CDD2B1CC}.Release|x86.ActiveCfg = Release|x86
		{A6998D88-F1BC-407D-A8E5-9325CDD2B1CC}.Release|x86.Build.0 = Release|x86
	EndGlobalSection
	GlobalSection(SolutionProperties) = preSolution
		HideSolutionNode = FALSE
	EndGlobalSection
	GlobalSection(NestedProjects) = preSolution
		{D0E2ED4E-C6E2-4E23-928E-5FA494B3AA5D} = {B2A73D2B-C6F2-42AB-8B60-F98834ABC2B9}
		{930378E2-653E-4BEF-8F84-A92652643588} = {B2A73D2B-C6F2-42AB-8B60-F98834ABC2B9}
		{9EE7A19E-7A1E-462C-8B45-96FDF6389F48} = {B2A73D2B-C6F2-42AB-8B60-F98834ABC2B9}
		{8B416D54-73A7-451F-A17C-F4FB03851B4C} = {B2A73D2B-C6F2-42AB-8B60-F98834ABC2B9}
		{B3246EFF-F3BD-4294-84E5-3BA57AC70041} = {B2A73D2B-C6F2-42AB-8B60-F98834ABC2B9}
		{7AD7A3FD-8B14-401C-A4AA-76EC6D681CC2} = {DD449B3C-ACD3-46A2-A017-A05BEF43C2AD}
		{DFDA8E6D-B6DE-4563-997C-AEF26937161B} = {DD449B3C-ACD3-46A2-A017-A05BEF43C2AD}
		{A6998D88-F1BC-407D-A8E5-9325CDD2B1CC} = {B2A73D2B-C6F2-42AB-8B60-F98834ABC2B9}
	EndGlobalSection
EndGlobal
